
Microsoft Visual Studio Solution File, Format Version 12.00
# Visual Studio Version 16
VisualStudioVersion = 16.0.30523.141
MinimumVisualStudioVersion = 10.0.40219.1
Project("{FAE04EC0-301F-11D3-BF4B-00C04F79EFBC}") = "MeetingScheduler", "MeetingScheduler\MeetingScheduler.csproj", "{C9DD3E4C-F83E-4FCB-91EF-6AC7B2F2E571}"
EndProject
Global
	GlobalSection(SolutionConfigurationPlatforms) = preSolution
		Debug|Any CPU = Debug|Any CPU
		Release|Any CPU = Release|Any CPU
	EndGlobalSection
	GlobalSection(ProjectConfigurationPlatforms) = postSolution
		{C9DD3E4C-F83E-4FCB-91EF-6AC7B2F2E571}.Debug|Any CPU.ActiveCfg = Debug|Any CPU
		{C9DD3E4C-F83E-4FCB-91EF-6AC7B2F2E571}.Debug|Any CPU.Build.0 = Debug|Any CPU
		{C9DD3E4C-F83E-4FCB-91EF-6AC7B2F2E571}.Release|Any CPU.ActiveCfg = Release|Any CPU
		{C9DD3E4C-F83E-4FCB-91EF-6AC7B2F2E571}.Release|Any CPU.Build.0 = Release|Any CPU
	EndGlobalSection
	GlobalSection(SolutionProperties) = preSolution
		HideSolutionNode = FALSE
	EndGlobalSection
	GlobalSection(ExtensibilityGlobals) = postSolution
		SolutionGuid = {74FA045A-01DF-4C89-8E4F-97BFBEBD58C7}
	EndGlobalSection
EndGlobal
